
Microsoft Visual Studio Solution File, Format Version 12.00
Project("{FAE04EC0-301F-11D3-BF4B-00C04F79EFBC}") = "Ws1SdkTest", "Ws1SdkTest\Ws1SdkTest\Ws1SdkTest.csproj", "{C35DF820-A58C-41AF-A725-06FDD2E21FD9}"
EndProject
Project("{FAE04EC0-301F-11D3-BF4B-00C04F79EFBC}") = "Ws1SdkTest.Droid", "Ws1SdkTest\Ws1SdkTest.Droid\Ws1SdkTest.Droid.csproj", "{436B09FE-59DE-4756-99D5-ECBBABFBF341}"
EndProject
Project("{FAE04EC0-301F-11D3-BF4B-00C04F79EFBC}") = "Ws1SdkTest.iOS", "Ws1SdkTest\Ws1SdkTest.iOS\Ws1SdkTest.iOS.csproj", "{1C624755-E312-458F-8951-ECAEB2148EA3}"
EndProject
Global
	GlobalSection(SolutionConfigurationPlatforms) = preSolution
		Ad-Hoc|iPhone = Ad-Hoc|iPhone
		AppStore|iPhone = AppStore|iPhone
		Debug|Any CPU = Debug|Any CPU
		Debug|iPhone = Debug|iPhone
		Debug|iPhoneSimulator = Debug|iPhoneSimulator
		Release|Any CPU = Release|Any CPU
		Release|iPhone = Release|iPhone
		Release|iPhoneSimulator = Release|iPhoneSimulator
	EndGlobalSection
	GlobalSection(ProjectConfigurationPlatforms) = postSolution
		{C35DF820-A58C-41AF-A725-06FDD2E21FD9}.Ad-Hoc|iPhone.ActiveCfg = Debug|Any CPU
		{C35DF820-A58C-41AF-A725-06FDD2E21FD9}.Ad-Hoc|iPhone.Build.0 = Debug|Any CPU
		{C35DF820-A58C-41AF-A725-06FDD2E21FD9}.AppStore|iPhone.ActiveCfg = Debug|Any CPU
		{C35DF820-A58C-41AF-A725-06FDD2E21FD9}.AppStore|iPhone.Build.0 = Debug|Any CPU
		{C35DF820-A58C-41AF-A725-06FDD2E21FD9}.Debug|Any CPU.ActiveCfg = Debug|Any CPU
		{C35DF820-A58C-41AF-A725-06FDD2E21FD9}.Debug|Any CPU.Build.0 = Debug|Any CPU
		{C35DF820-A58C-41AF-A725-06FDD2E21FD9}.Debug|iPhone.ActiveCfg = Debug|Any CPU
		{C35DF820-A58C-41AF-A725-06FDD2E21FD9}.Debug|iPhone.Build.0 = Debug|Any CPU
		{C35DF820-A58C-41AF-A725-06FDD2E21FD9}.Debug|iPhoneSimulator.ActiveCfg = Debug|Any CPU
		{C35DF820-A58C-41AF-A725-06FDD2E21FD9}.Debug|iPhoneSimulator.Build.0 = Debug|Any CPU
		{C35DF820-A58C-41AF-A725-06FDD2E21FD9}.Release|Any CPU.ActiveCfg = Release|Any CPU
		{C35DF820-A58C-41AF-A725-06FDD2E21FD9}.Release|Any CPU.Build.0 = Release|Any CPU
		{C35DF820-A58C-41AF-A725-06FDD2E21FD9}.Release|iPhone.ActiveCfg = Release|Any CPU
		{C35DF820-A58C-41AF-A725-06FDD2E21FD9}.Release|iPhone.Build.0 = Release|Any CPU
		{C35DF820-A58C-41AF-A725-06FDD2E21FD9}.Release|iPhoneSimulator.ActiveCfg = Release|Any CPU
		{C35DF820-A58C-41AF-A725-06FDD2E21FD9}.Release|iPhoneSimulator.Build.0 = Release|Any CPU
		{436B09FE-59DE-4756-99D5-ECBBABFBF341}.Ad-Hoc|iPhone.ActiveCfg = Debug|Any CPU
		{436B09FE-59DE-4756-99D5-ECBBABFBF341}.Ad-Hoc|iPhone.Build.0 = Debug|Any CPU
		{436B09FE-59DE-4756-99D5-ECBBABFBF341}.Ad-Hoc|iPhone.Deploy.0 = Debug|Any CPU
		{436B09FE-59DE-4756-99D5-ECBBABFBF341}.AppStore|iPhone.ActiveCfg = Debug|Any CPU
		{436B09FE-59DE-4756-99D5-ECBBABFBF341}.AppStore|iPhone.Build.0 = Debug|Any CPU
		{436B09FE-59DE-4756-99D5-ECBBABFBF341}.AppStore|iPhone.Deploy.0 = Debug|Any CPU
		{436B09FE-59DE-4756-99D5-ECBBABFBF341}.Debug|Any CPU.ActiveCfg = Debug|Any CPU
		{436B09FE-59DE-4756-99D5-ECBBABFBF341}.Debug|Any CPU.Build.0 = Debug|Any CPU
		{436B09FE-59DE-4756-99D5-ECBBABFBF341}.Debug|Any CPU.Deploy.0 = Debug|Any CPU
		{436B09FE-59DE-4756-99D5-ECBBABFBF341}.Debug|iPhone.ActiveCfg = Debug|Any CPU
		{436B09FE-59DE-4756-99D5-ECBBABFBF341}.Debug|iPhone.Build.0 = Debug|Any CPU
		{436B09FE-59DE-4756-99D5-ECBBABFBF341}.Debug|iPhone.Deploy.0 = Debug|Any CPU
		{436B09FE-59DE-4756-99D5-ECBBABFBF341}.Debug|iPhoneSimulator.ActiveCfg = Debug|Any CPU
		{436B09FE-59DE-4756-99D5-ECBBABFBF341}.Debug|iPhoneSimulator.Build.0 = Debug|Any CPU
		{436B09FE-59DE-4756-99D5-ECBBABFBF341}.Debug|iPhoneSimulator.Deploy.0 = Debug|Any CPU
		{436B09FE-59DE-4756-99D5-ECBBABFBF341}.Release|Any CPU.ActiveCfg = Release|Any CPU
		{436B09FE-59DE-4756-99D5-ECBBABFBF341}.Release|Any CPU.Build.0 = Release|Any CPU
		{436B09FE-59DE-4756-99D5-ECBBABFBF341}.Release|Any CPU.Deploy.0 = Release|Any CPU
		{436B09FE-59DE-4756-99D5-ECBBABFBF341}.Release|iPhone.ActiveCfg = Release|Any CPU
		{436B09FE-59DE-4756-99D5-ECBBABFBF341}.Release|iPhone.Build.0 = Release|Any CPU
		{436B09FE-59DE-4756-99D5-ECBBABFBF341}.Release|iPhone.Deploy.0 = Release|Any CPU
		{436B09FE-59DE-4756-99D5-ECBBABFBF341}.Release|iPhoneSimulator.ActiveCfg = Release|Any CPU
		{436B09FE-59DE-4756-99D5-ECBBABFBF341}.Release|iPhoneSimulator.Build.0 = Release|Any CPU
		{436B09FE-59DE-4756-99D5-ECBBABFBF341}.Release|iPhoneSimulator.Deploy.0 = Release|Any CPU
		{1C624755-E312-458F-8951-ECAEB2148EA3}.Ad-Hoc|iPhone.ActiveCfg = Ad-Hoc|iPhone
		{1C624755-E312-458F-8951-ECAEB2148EA3}.Ad-Hoc|iPhone.Build.0 = Ad-Hoc|iPhone
		{1C624755-E312-458F-8951-ECAEB2148EA3}.Ad-Hoc|iPhone.Deploy.0 = Ad-Hoc|iPhone
		{1C624755-E312-458F-8951-ECAEB2148EA3}.AppStore|iPhone.ActiveCfg = AppStore|iPhone
		{1C624755-E312-458F-8951-ECAEB2148EA3}.AppStore|iPhone.Build.0 = AppStore|iPhone
		{1C624755-E312-458F-8951-ECAEB2148EA3}.AppStore|iPhone.Deploy.0 = AppStore|iPhone
		{1C624755-E312-458F-8951-ECAEB2148EA3}.Debug|Any CPU.ActiveCfg = Debug|iPhoneSimulator
		{1C624755-E312-458F-8951-ECAEB2148EA3}.Debug|Any CPU.Build.0 = Debug|iPhoneSimulator
		{1C624755-E312-458F-8951-ECAEB2148EA3}.Debug|Any CPU.Deploy.0 = Debug|iPhoneSimulator
		{1C624755-E312-458F-8951-ECAEB2148EA3}.Debug|iPhone.ActiveCfg = Debug|iPhone
		{1C624755-E312-458F-8951-ECAEB2148EA3}.Debug|iPhone.Build.0 = Debug|iPhone
		{1C624755-E312-458F-8951-ECAEB2148EA3}.Debug|iPhone.Deploy.0 = Debug|iPhone
		{1C624755-E312-458F-8951-ECAEB2148EA3}.Debug|iPhoneSimulator.ActiveCfg = Debug|iPhoneSimulator
		{1C624755-E312-458F-8951-ECAEB2148EA3}.Debug|iPhoneSimulator.Build.0 = Debug|iPhoneSimulator
		{1C624755-E312-458F-8951-ECAEB2148EA3}.Debug|iPhoneSimulator.Deploy.0 = Debug|iPhoneSimulator
		{1C624755-E312-458F-8951-ECAEB2148EA3}.Release|Any CPU.ActiveCfg = Release|iPhoneSimulator
		{1C624755-E312-458F-8951-ECAEB2148EA3}.Release|Any CPU.Build.0 = Release|iPhoneSimulator
		{1C624755-E312-458F-8951-ECAEB2148EA3}.Release|Any CPU.Deploy.0 = Release|iPhoneSimulator
		{1C624755-E312-458F-8951-ECAEB2148EA3}.Release|iPhone.ActiveCfg = Release|iPhone
		{1C624755-E312-458F-8951-ECAEB2148EA3}.Release|iPhone.Build.0 = Release|iPhone
		{1C624755-E312-458F-8951-ECAEB2148EA3}.Release|iPhone.Deploy.0 = Release|iPhone
		{1C624755-E312-458F-8951-ECAEB2148EA3}.Release|iPhoneSimulator.ActiveCfg = Release|iPhoneSimulator
		{1C624755-E312-458F-8951-ECAEB2148EA3}.Release|iPhoneSimulator.Build.0 = Release|iPhoneSimulator
		{1C624755-E312-458F-8951-ECAEB2148EA3}.Release|iPhoneSimulator.Deploy.0 = Release|iPhoneSimulator
	EndGlobalSection
EndGlobal
